
Microsoft Visual Studio Solution File, Format Version 12.00
# Visual Studio Version 17
VisualStudioVersion = 17.2.32526.322
MinimumVisualStudioVersion = 10.0.40219.1
Project("{FAE04EC0-301F-11D3-BF4B-00C04F79EFBC}") = "MarcajAPI", "MarcajAPI\MarcajAPI.csproj", "{021419B1-05CE-493A-BD12-9309220C7A6F}"
EndProject
Project("{FAE04EC0-301F-11D3-BF4B-00C04F79EFBC}") = "DataAccess", "DataAccess\DataAccess.csproj", "{CCFF5FE0-4FF4-4138-890C-C47160DA98D7}"
EndProject
Project("{FAE04EC0-301F-11D3-BF4B-00C04F79EFBC}") = "LGKDataAccess", "LGKDataAccess\LGKDataAccess.csproj", "{E0C942B9-0415-459D-8778-EFBFED6F8F2F}"
EndProject
Global
	GlobalSection(SolutionConfigurationPlatforms) = preSolution
		Debug|Any CPU = Debug|Any CPU
		Release|Any CPU = Release|Any CPU
	EndGlobalSection
	GlobalSection(ProjectConfigurationPlatforms) = postSolution
		{021419B1-05CE-493A-BD12-9309220C7A6F}.Debug|Any CPU.ActiveCfg = Debug|Any CPU
		{021419B1-05CE-493A-BD12-9309220C7A6F}.Debug|Any CPU.Build.0 = Debug|Any CPU
		{021419B1-05CE-493A-BD12-9309220C7A6F}.Release|Any CPU.ActiveCfg = Release|Any CPU
		{021419B1-05CE-493A-BD12-9309220C7A6F}.Release|Any CPU.Build.0 = Release|Any CPU
		{CCFF5FE0-4FF4-4138-890C-C47160DA98D7}.Debug|Any CPU.ActiveCfg = Debug|Any CPU
		{CCFF5FE0-4FF4-4138-890C-C47160DA98D7}.Debug|Any CPU.Build.0 = Debug|Any CPU
		{CCFF5FE0-4FF4-4138-890C-C47160DA98D7}.Release|Any CPU.ActiveCfg = Release|Any CPU
		{CCFF5FE0-4FF4-4138-890C-C47160DA98D7}.Release|Any CPU.Build.0 = Release|Any CPU
		{E0C942B9-0415-459D-8778-EFBFED6F8F2F}.Debug|Any CPU.ActiveCfg = Debug|Any CPU
		{E0C942B9-0415-459D-8778-EFBFED6F8F2F}.Debug|Any CPU.Build.0 = Debug|Any CPU
		{E0C942B9-0415-459D-8778-EFBFED6F8F2F}.Release|Any CPU.ActiveCfg = Release|Any CPU
		{E0C942B9-0415-459D-8778-EFBFED6F8F2F}.Release|Any CPU.Build.0 = Release|Any CPU
	EndGlobalSection
	GlobalSection(SolutionProperties) = preSolution
		HideSolutionNode = FALSE
	EndGlobalSection
	GlobalSection(ExtensibilityGlobals) = postSolution
		SolutionGuid = {7BAAFB7E-5826-4766-BFC9-09B8BB7AFDA5}
	EndGlobalSection
EndGlobal
